
Microsoft Visual Studio Solution File, Format Version 12.00
# Visual Studio Version 17
VisualStudioVersion = 17.4.33213.308
MinimumVisualStudioVersion = 10.0.40219.1
Project("{FAE04EC0-301F-11D3-BF4B-00C04F79EFBC}") = "FixtureManagementApp", "FixtureManagementApp\FixtureManagementApp.csproj", "{DACA67EC-DCC5-41BF-84E8-FF8AAFFA4F28}"
EndProject
Project("{FAE04EC0-301F-11D3-BF4B-00C04F79EFBC}") = "FixtureManagementDAL", "FixtureManagementDAL\FixtureManagementDAL.csproj", "{0D762967-58AB-4ED5-A949-4F9D20AFE0D5}"
EndProject
Project("{FAE04EC0-301F-11D3-BF4B-00C04F79EFBC}") = "FixtureManagementBLL", "FixtureManagementBLL\FixtureManagementBLL.csproj", "{4EB699A2-777B-4B71-8ABD-8EC4A089F327}"
EndProject
Project("{FAE04EC0-301F-11D3-BF4B-00C04F79EFBC}") = "FixtureManagementModel", "FixtureManagementModel\FixtureManagementModel.csproj", "{CF1AD31B-8C05-4BA2-BA6C-7707B777B8D3}"
EndProject
Global
	GlobalSection(SolutionConfigurationPlatforms) = preSolution
		Debug|Any CPU = Debug|Any CPU
		Release|Any CPU = Release|Any CPU
	EndGlobalSection
	GlobalSection(ProjectConfigurationPlatforms) = postSolution
		{DACA67EC-DCC5-41BF-84E8-FF8AAFFA4F28}.Debug|Any CPU.ActiveCfg = Debug|Any CPU
		{DACA67EC-DCC5-41BF-84E8-FF8AAFFA4F28}.Debug|Any CPU.Build.0 = Debug|Any CPU
		{DACA67EC-DCC5-41BF-84E8-FF8AAFFA4F28}.Release|Any CPU.ActiveCfg = Release|Any CPU
		{DACA67EC-DCC5-41BF-84E8-FF8AAFFA4F28}.Release|Any CPU.Build.0 = Release|Any CPU
		{0D762967-58AB-4ED5-A949-4F9D20AFE0D5}.Debug|Any CPU.ActiveCfg = Debug|Any CPU
		{0D762967-58AB-4ED5-A949-4F9D20AFE0D5}.Debug|Any CPU.Build.0 = Debug|Any CPU
		{0D762967-58AB-4ED5-A949-4F9D20AFE0D5}.Release|Any CPU.ActiveCfg = Release|Any CPU
		{0D762967-58AB-4ED5-A949-4F9D20AFE0D5}.Release|Any CPU.Build.0 = Release|Any CPU
		{4EB699A2-777B-4B71-8ABD-8EC4A089F327}.Debug|Any CPU.ActiveCfg = Debug|Any CPU
		{4EB699A2-777B-4B71-8ABD-8EC4A089F327}.Debug|Any CPU.Build.0 = Debug|Any CPU
		{4EB699A2-777B-4B71-8ABD-8EC4A089F327}.Release|Any CPU.ActiveCfg = Release|Any CPU
		{4EB699A2-777B-4B71-8ABD-8EC4A089F327}.Release|Any CPU.Build.0 = Release|Any CPU
		{CF1AD31B-8C05-4BA2-BA6C-7707B777B8D3}.Debug|Any CPU.ActiveCfg = Debug|Any CPU
		{CF1AD31B-8C05-4BA2-BA6C-7707B777B8D3}.Debug|Any CPU.Build.0 = Debug|Any CPU
		{CF1AD31B-8C05-4BA2-BA6C-7707B777B8D3}.Release|Any CPU.ActiveCfg = Release|Any CPU
		{CF1AD31B-8C05-4BA2-BA6C-7707B777B8D3}.Release|Any CPU.Build.0 = Release|Any CPU
	EndGlobalSection
	GlobalSection(SolutionProperties) = preSolution
		HideSolutionNode = FALSE
	EndGlobalSection
	GlobalSection(ExtensibilityGlobals) = postSolution
		SolutionGuid = {9CACA658-F527-46CF-BE1B-052FDA5724D6}
	EndGlobalSection
EndGlobal
